// !$*UTF8*$!
{
	archiveVersion = 1;
	classes = {
	};
	objectVersion = 46;
	objects = {

/* Begin PBXBuildFile section */
		C30750D11E0AB74D00DF0DA5 /* btn.wav in Resources */ = {isa = PBXBuildFile; fileRef = C30750D01E0AB74D00DF0DA5 /* btn.wav */; };
		C30AFF411E09477C007540CD /* AppDelegate.swift in Sources */ = {isa = PBXBuildFile; fileRef = C30AFF401E09477C007540CD /* AppDelegate.swift */; };
		C30AFF431E09477C007540CD /* MainViewController.swift in Sources */ = {isa = PBXBuildFile; fileRef = C30AFF421E09477C007540CD /* MainViewController.swift */; };
		C30AFF461E09477C007540CD /* Main.storyboard in Resources */ = {isa = PBXBuildFile; fileRef = C30AFF441E09477C007540CD /* Main.storyboard */; };
		C30AFF481E09477C007540CD /* Assets.xcassets in Resources */ = {isa = PBXBuildFile; fileRef = C30AFF471E09477C007540CD /* Assets.xcassets */; };
		C30AFF4B1E09477C007540CD /* LaunchScreen.storyboard in Resources */ = {isa = PBXBuildFile; fileRef = C30AFF491E09477C007540CD /* LaunchScreen.storyboard */; };
/* End PBXBuildFile section */

/* Begin PBXFileReference section */
		C30750D01E0AB74D00DF0DA5 /* btn.wav */ = {isa = PBXFileReference; lastKnownFileType = audio.wav; path = btn.wav; sourceTree = "<group>"; };
		C30AFF3D1E09477B007540CD /* Retro calculator.app */ = {isa = PBXFileReference; explicitFileType = wrapper.application; includeInIndex = 0; path = "Retro calculator.app"; sourceTree = BUILT_PRODUCTS_DIR; };
		C30AFF401E09477C007540CD /* AppDelegate.swift */ = {isa = PBXFileReference; lastKnownFileType = sourcecode.swift; path = AppDelegate.swift; sourceTree = "<group>"; };
		C30AFF421E09477C007540CD /* MainViewController.swift */ = {isa = PBXFileReference; lastKnownFileType = sourcecode.swift; path = MainViewController.swift; sourceTree = "<group>"; };
		C30AFF451E09477C007540CD /* Base */ = {isa = PBXFileReference; lastKnownFileType = file.storyboard; name = Base; path = Base.lproj/Main.storyboard; sourceTree = "<group>"; };
		C30AFF471E09477C007540CD /* Assets.xcassets */ = {isa = PBXFileReference; lastKnownFileType = folder.assetcatalog; path = Assets.xcassets; sourceTree = "<group>"; };
		C30AFF4A1E09477C007540CD /* Base */ = {isa = PBXFileReference; lastKnownFileType = file.storyboard; name = Base; path = Base.lproj/LaunchScreen.storyboard; sourceTree = "<group>"; };
		C30AFF4C1E09477C007540CD /* Info.plist */ = {isa = PBXFileReference; lastKnownFileType = text.plist.xml; path = Info.plist; sourceTree = "<group>"; };
/* End PBXFileReference section */

/* Begin PBXFrameworksBuildPhase section */
		C30AFF3A1E09477B007540CD /* Frameworks */ = {
			isa = PBXFrameworksBuildPhase;
			buildActionMask = 2147483647;
			files = (
			);
			runOnlyForDeploymentPostprocessing = 0;
		};
/* End PBXFrameworksBuildPhase section */

/* Begin PBXGroup section */
		C30AFF341E09477B007540CD = {
			isa = PBXGroup;
			children = (
				C30AFF3F1E09477B007540CD /* Retro calculator */,
				C30AFF3E1E09477B007540CD /* Products */,
			);
			sourceTree = "<group>";
		};
		C30AFF3E1E09477B007540CD /* Products */ = {
			isa = PBXGroup;
			children = (
				C30AFF3D1E09477B007540CD /* Retro calculator.app */,
			);
			name = Products;
			sourceTree = "<group>";
		};
		C30AFF3F1E09477B007540CD /* Retro calculator */ = {
			isa = PBXGroup;
			children = (
				C30750D01E0AB74D00DF0DA5 /* btn.wav */,
				C30AFF401E09477C007540CD /* AppDelegate.swift */,
				C30AFF421E09477C007540CD /* MainViewController.swift */,
				C30AFF441E09477C007540CD /* Main.storyboard */,
				C30AFF471E09477C007540CD /* Assets.xcassets */,
				C30AFF491E09477C007540CD /* LaunchScreen.storyboard */,
				C30AFF4C1E09477C007540CD /* Info.plist */,
			);
			path = "Retro calculator";
			sourceTree = "<group>";
		};
/* End PBXGroup section */

/* Begin PBXNativeTarget section */
		C30AFF3C1E09477B007540CD /* Retro calculator */ = {
			isa = PBXNativeTarget;
			buildConfigurationList = C30AFF4F1E09477C007540CD /* Build configuration list for PBXNativeTarget "Retro calculator" */;
			buildPhases = (
				C30AFF391E09477B007540CD /* Sources */,
				C30AFF3A1E09477B007540CD /* Frameworks */,
				C30AFF3B1E09477B007540CD /* Resources */,
			);
			buildRules = (
			);
			dependencies = (
			);
			name = "Retro calculator";
			productName = "Retro calculator";
			productReference = C30AFF3D1E09477B007540CD /* Retro calculator.app */;
			productType = "com.apple.product-type.application";
		};
/* End PBXNativeTarget section */

/* Begin PBXProject section */
		C30AFF351E09477B007540CD /* Project object */ = {
			isa = PBXProject;
			attributes = {
				LastSwiftUpdateCheck = 0800;
				LastUpgradeCheck = 0800;
				ORGANIZATIONNAME = "Rebecca Wordsworth";
				TargetAttributes = {
					C30AFF3C1E09477B007540CD = {
						CreatedOnToolsVersion = 8.0;
						ProvisioningStyle = Automatic;
					};
				};
			};
			buildConfigurationList = C30AFF381E09477B007540CD /* Build configuration list for PBXProject "Retro calculator" */;
			compatibilityVersion = "Xcode 3.2";
			developmentRegion = English;
			hasScannedForEncodings = 0;
			knownRegions = (
				en,
				Base,
			);
			mainGroup = C30AFF341E09477B007540CD;
			productRefGroup = C30AFF3E1E09477B007540CD /* Products */;
			projectDirPath = "";
			projectRoot = "";
			targets = (
				C30AFF3C1E09477B007540CD /* Retro calculator */,
			);
		};
/* End PBXProject section */

/* Begin PBXResourcesBuildPhase section */
		C30AFF3B1E09477B007540CD /* Resources */ = {
			isa = PBXResourcesBuildPhase;
			buildActionMask = 2147483647;
			files = (
				C30AFF4B1E09477C007540CD /* LaunchScreen.storyboard in Resources */,
				C30AFF481E09477C007540CD /* Assets.xcassets in Resources */,
				C30AFF461E09477C007540CD /* Main.storyboard in Resources */,
				C30750D11E0AB74D00DF0DA5 /* btn.wav in Resources */,
			);
			runOnlyForDeploymentPostprocessing = 0;
		};
/* End PBXResourcesBuildPhase section */

/* Begin PBXSourcesBuildPhase section */
		C30AFF391E09477B007540CD /* Sources */ = {
			isa = PBXSourcesBuildPhase;
			buildActionMask = 2147483647;
			files = (
				C30AFF431E09477C007540CD /* MainViewController.swift in Sources */,
				C30AFF411E09477C007540CD /* AppDelegate.swift in Sources */,
			);
			runOnlyForDeploymentPostprocessing = 0;
		};
/* End PBXSourcesBuildPhase section */

/* Begin PBXVariantGroup section */
		C30AFF441E09477C007540CD /* Main.storyboard */ = {
			isa = PBXVariantGroup;
			children = (
				C30AFF451E09477C007540CD /* Base */,
			);
			name = Main.storyboard;
			sourceTree = "<group>";
		};
		C30AFF491E09477C007540CD /* LaunchScreen.storyboard */ = {
			isa = PBXVariantGroup;
			children = (
				C30AFF4A1E09477C007540CD /* Base */,
			);
			name = LaunchScreen.storyboard;
			sourceTree = "<group>";
		};
/* End PBXVariantGroup section */

/* Begin XCBuildConfiguration section */
		C30AFF4D1E09477C007540CD /* Debug */ = {
			isa = XCBuildConfiguration;
			buildSettings = {
				ALWAYS_SEARCH_USER_PATHS = NO;
				CLANG_ANALYZER_NONNULL = YES;
				CLANG_CXX_LANGUAGE_STANDARD = "gnu++0x";
				CLANG_CXX_LIBRARY = "libc++";
				CLANG_ENABLE_MODULES = YES;
				CLANG_ENABLE_OBJC_ARC = YES;
				CLANG_WARN_BOOL_CONVERSION = YES;
				CLANG_WARN_CONSTANT_CONVERSION = YES;
				CLANG_WARN_DIRECT_OBJC_ISA_USAGE = YES_ERROR;
				CLANG_WARN_DOCUMENTATION_COMMENTS = YES;
				CLANG_WARN_EMPTY_BODY = YES;
				CLANG_WARN_ENUM_CONVERSION = YES;
				CLANG_WARN_INFINITE_RECURSION = YES;
				CLANG_WARN_INT_CONVERSION = YES;
				CLANG_WARN_OBJC_ROOT_CLASS = YES_ERROR;
				CLANG_WARN_SUSPICIOUS_MOVES = YES;
				CLANG_WARN_UNREACHABLE_CODE = YES;
				CLANG_WARN__DUPLICATE_METHOD_MATCH = YES;
				"CODE_SIGN_IDENTITY[sdk=iphoneos*]" = "iPhone Developer";
				COPY_PHASE_STRIP = NO;
				DEBUG_INFORMATION_FORMAT = dwarf;
				ENABLE_STRICT_OBJC_MSGSEND = YES;
				ENABLE_TESTABILITY = YES;
				GCC_C_LANGUAGE_STANDARD = gnu99;
				GCC_DYNAMIC_NO_PIC = NO;
				GCC_NO_COMMON_BLOCKS = YES;
				GCC_OPTIMIZATION_LEVEL = 0;
				GCC_PREPROCESSOR_DEFINITIONS = (
					"DEBUG=1",
					"$(inherited)",
				);
				GCC_WARN_64_TO_32_BIT_CONVERSION = YES;
				GCC_WARN_ABOUT_RETURN_TYPE = YES_ERROR;
				GCC_WARN_UNDECLARED_SELECTOR = YES;
				GCC_WARN_UNINITIALIZED_AUTOS = YES_AGGRESSIVE;
				GCC_WARN_UNUSED_FUNCTION = YES;
				GCC_WARN_UNUSED_VARIABLE = YES;
				IPHONEOS_DEPLOYMENT_TARGET = 10.0;
				MTL_ENABLE_DEBUG_INFO = YES;
				ONLY_ACTIVE_ARCH = YES;
				SDKROOT = iphoneos;
				SWIFT_ACTIVE_COMPILATION_CONDITIONS = DEBUG;
				SWIFT_OPTIMIZATION_LEVEL = "-Onone";
			};
			name = Debug;
		};
		C30AFF4E1E09477C007540CD /* Release */ = {
			isa = XCBuildConfiguration;
			buildSettings = {
				ALWAYS_SEARCH_USER_PATHS = NO;
				CLANG_ANALYZER_NONNULL = YES;
				CLANG_CXX_LANGUAGE_STANDARD = "gnu++0x";
				CLANG_CXX_LIBRARY = "libc++";
				CLANG_ENABLE_MODULES = YES;
				CLANG_ENABLE_OBJC_ARC = YES;
				CLANG_WARN_BOOL_CONVERSION = YES;
				CLANG_WARN_CONSTANT_CONVERSION = YES;
				CLANG_WARN_DIRECT_OBJC_ISA_USAGE = YES_ERROR;
				CLANG_WARN_DOCUMENTATION_COMMENTS = YES;
				CLANG_WARN_EMPTY_BODY = YES;
				CLANG_WARN_ENUM_CONVERSION = YES;
				CLANG_WARN_INFINITE_RECURSION = YES;
				CLANG_WARN_INT_CONVERSION = YES;
				CLANG_WARN_OBJC_ROOT_CLASS = YES_ERROR;
				CLANG_WARN_SUSPICIOUS_MOVES = YES;
				CLANG_WARN_UNREACHABLE_CODE = YES;
				CLANG_WARN__DUPLICATE_METHOD_MATCH = YES;
				"CODE_SIGN_IDENTITY[sdk=iphoneos*]" = "iPhone Developer";
				COPY_PHASE_STRIP = NO;
				DEBUG_INFORMATION_FORMAT = "dwarf-with-dsym";
				ENABLE_NS_ASSERTIONS = NO;
				ENABLE_STRICT_OBJC_MSGSEND = YES;
				GCC_C_LANGUAGE_STANDARD = gnu99;
				GCC_NO_COMMON_BLOCKS = YES;
				GCC_WARN_64_TO_32_BIT_CONVERSION = YES;
				GCC_WARN_ABOUT_RETURN_TYPE = YES_ERROR;
				GCC_WARN_UNDECLARED_SELECTOR = YES;
				GCC_WARN_UNINITIALIZED_AUTOS = YES_AGGRESSIVE;
				GCC_WARN_UNUSED_FUNCTION = YES;
				GCC_WARN_UNUSED_VARIABLE = YES;
				IPHONEOS_DEPLOYMENT_TARGET = 10.0;
				MTL_ENABLE_DEBUG_INFO = NO;
				SDKROOT = iphoneos;
				SWIFT_OPTIMIZATION_LEVEL = "-Owholemodule";
				VALIDATE_PRODUCT = YES;
			};
			name = Release;
		};
		C30AFF501E09477C007540CD /* Debug */ = {
			isa = XCBuildConfiguration;
			buildSettings = {
				ASSETCATALOG_COMPILER_APPICON_NAME = AppIcon;
				INFOPLIST_FILE = "Retro calculator/Info.plist";
				LD_RUNPATH_SEARCH_PATHS = "$(inherited) @executable_path/Frameworks";
				PRODUCT_BUNDLE_IDENTIFIER = "com.rebeccawordsworth.Retro-calculator";
				PRODUCT_NAME = "$(TARGET_NAME)";
				SWIFT_VERSION = 3.0;
			};
			name = Debug;
		};
		C30AFF511E09477C007540CD /* Release */ = {
			isa = XCBuildConfiguration;
			buildSettings = {
				ASSETCATALOG_COMPILER_APPICON_NAME = AppIcon;
				INFOPLIST_FILE = "Retro calculator/Info.plist";
				LD_RUNPATH_SEARCH_PATHS = "$(inherited) @executable_path/Frameworks";
				PRODUCT_BUNDLE_IDENTIFIER = "com.rebeccawordsworth.Retro-calculator";
				PRODUCT_NAME = "$(TARGET_NAME)";
				SWIFT_VERSION = 3.0;
			};
			name = Release;
		};
/* End XCBuildConfiguration section */

/* Begin XCConfigurationList section */
		C30AFF381E09477B007540CD /* Build configuration list for PBXProject "Retro calculator" */ = {
			isa = XCConfigurationList;
			buildConfigurations = (
				C30AFF4D1E09477C007540CD /* Debug */,
				C30AFF4E1E09477C007540CD /* Release */,
			);
			defaultConfigurationIsVisible = 0;
			defaultConfigurationName = Release;
		};
		C30AFF4F1E09477C007540CD /* Build configuration list for PBXNativeTarget "Retro calculator" */ = {
			isa = XCConfigurationList;
			buildConfigurations = (
				C30AFF501E09477C007540CD /* Debug */,
				C30AFF511E09477C007540CD /* Release */,
			);
			defaultConfigurationIsVisible = 0;
			defaultConfigurationName = Release;
		};
/* End XCConfigurationList section */
	};
	rootObject = C30AFF351E09477B007540CD /* Project object */;
}
